
Microsoft Visual Studio Solution File, Format Version 12.00
# Visual Studio Version 17
VisualStudioVersion = 17.3.32929.385
MinimumVisualStudioVersion = 10.0.40219.1
Project("{FAE04EC0-301F-11D3-BF4B-00C04F79EFBC}") = "HotdogAzure", "HotdogAzure\HotdogAzure.csproj", "{F20C39F1-4514-4BFB-B8D7-E6DEADD96280}"
EndProject
Global
	GlobalSection(SolutionConfigurationPlatforms) = preSolution
		Debug|Any CPU = Debug|Any CPU
		Release|Any CPU = Release|Any CPU
	EndGlobalSection
	GlobalSection(ProjectConfigurationPlatforms) = postSolution
		{F20C39F1-4514-4BFB-B8D7-E6DEADD96280}.Debug|Any CPU.ActiveCfg = Debug|Any CPU
		{F20C39F1-4514-4BFB-B8D7-E6DEADD96280}.Debug|Any CPU.Build.0 = Debug|Any CPU
		{F20C39F1-4514-4BFB-B8D7-E6DEADD96280}.Release|Any CPU.ActiveCfg = Release|Any CPU
		{F20C39F1-4514-4BFB-B8D7-E6DEADD96280}.Release|Any CPU.Build.0 = Release|Any CPU
	EndGlobalSection
	GlobalSection(SolutionProperties) = preSolution
		HideSolutionNode = FALSE
	EndGlobalSection
	GlobalSection(ExtensibilityGlobals) = postSolution
		SolutionGuid = {3D030B9B-40A2-4B0E-95BA-BBD7A844AF63}
	EndGlobalSection
EndGlobal
